
Microsoft Visual Studio Solution File, Format Version 12.00
# Visual Studio Version 16
VisualStudioVersion = 16.0.31729.503
MinimumVisualStudioVersion = 10.0.40219.1
Project("{FAE04EC0-301F-11D3-BF4B-00C04F79EFBC}") = "SinqiaEstude", "SinqiaEstude\SinqiaEstude.csproj", "{52B0B042-BA1B-4441-A42D-9D2741C23A53}"
EndProject
Project("{9A19103F-16F7-4668-BE54-9A1E7A4F7556}") = "SinqiaEstude.Domain", "SinqiaEstude.Domain\SinqiaEstude.Domain.csproj", "{72603D3B-E262-414A-9032-6632A54A540B}"
EndProject
Project("{9A19103F-16F7-4668-BE54-9A1E7A4F7556}") = "SinqiaEstude.Repository", "SinqiaEstude.Repository\SinqiaEstude.Repository.csproj", "{5821F20B-AAAD-414E-98B4-4770E63BA653}"
EndProject
Project("{9A19103F-16F7-4668-BE54-9A1E7A4F7556}") = "SinqiaEstude.Services", "SinqiaEstude.Services\SinqiaEstude.Services.csproj", "{17AEC184-69D1-49C3-86F3-F2E6EEFB4B0B}"
EndProject
Global
	GlobalSection(SolutionConfigurationPlatforms) = preSolution
		Debug|Any CPU = Debug|Any CPU
		Release|Any CPU = Release|Any CPU
	EndGlobalSection
	GlobalSection(ProjectConfigurationPlatforms) = postSolution
		{52B0B042-BA1B-4441-A42D-9D2741C23A53}.Debug|Any CPU.ActiveCfg = Debug|Any CPU
		{52B0B042-BA1B-4441-A42D-9D2741C23A53}.Debug|Any CPU.Build.0 = Debug|Any CPU
		{52B0B042-BA1B-4441-A42D-9D2741C23A53}.Release|Any CPU.ActiveCfg = Release|Any CPU
		{52B0B042-BA1B-4441-A42D-9D2741C23A53}.Release|Any CPU.Build.0 = Release|Any CPU
		{72603D3B-E262-414A-9032-6632A54A540B}.Debug|Any CPU.ActiveCfg = Debug|Any CPU
		{72603D3B-E262-414A-9032-6632A54A540B}.Debug|Any CPU.Build.0 = Debug|Any CPU
		{72603D3B-E262-414A-9032-6632A54A540B}.Release|Any CPU.ActiveCfg = Release|Any CPU
		{72603D3B-E262-414A-9032-6632A54A540B}.Release|Any CPU.Build.0 = Release|Any CPU
		{5821F20B-AAAD-414E-98B4-4770E63BA653}.Debug|Any CPU.ActiveCfg = Debug|Any CPU
		{5821F20B-AAAD-414E-98B4-4770E63BA653}.Debug|Any CPU.Build.0 = Debug|Any CPU
		{5821F20B-AAAD-414E-98B4-4770E63BA653}.Release|Any CPU.ActiveCfg = Release|Any CPU
		{5821F20B-AAAD-414E-98B4-4770E63BA653}.Release|Any CPU.Build.0 = Release|Any CPU
		{17AEC184-69D1-49C3-86F3-F2E6EEFB4B0B}.Debug|Any CPU.ActiveCfg = Debug|Any CPU
		{17AEC184-69D1-49C3-86F3-F2E6EEFB4B0B}.Debug|Any CPU.Build.0 = Debug|Any CPU
		{17AEC184-69D1-49C3-86F3-F2E6EEFB4B0B}.Release|Any CPU.ActiveCfg = Release|Any CPU
		{17AEC184-69D1-49C3-86F3-F2E6EEFB4B0B}.Release|Any CPU.Build.0 = Release|Any CPU
	EndGlobalSection
	GlobalSection(SolutionProperties) = preSolution
		HideSolutionNode = FALSE
	EndGlobalSection
	GlobalSection(ExtensibilityGlobals) = postSolution
		SolutionGuid = {3B39BD9F-CA81-4155-B376-D5DB7F5D2AF0}
	EndGlobalSection
EndGlobal
